
Microsoft Visual Studio Solution File, Format Version 12.00
# Visual Studio 2012
Project("{FAE04EC0-301F-11D3-BF4B-00C04F79EFBC}") = "Web", "Web\Web.csproj", "{AF5BAB1B-7406-4899-BEB1-B6A554F42F2D}"
EndProject
Project("{FAE04EC0-301F-11D3-BF4B-00C04F79EFBC}") = "DataProvider", "DataProvider\DataProvider.csproj", "{B7EEAC87-3019-4949-95A8-D02DDFF96DF6}"
EndProject
Project("{FAE04EC0-301F-11D3-BF4B-00C04F79EFBC}") = "SystemUtil", "ConfigSetting\SystemUtil.csproj", "{0B042411-D68F-459F-A07A-580848651C0A}"
EndProject
Project("{FAE04EC0-301F-11D3-BF4B-00C04F79EFBC}") = "WebUtil", "WebUtil\WebUtil.csproj", "{FA4D7390-378E-42D6-8C0F-52FE98E2B427}"
EndProject
Global
	GlobalSection(SolutionConfigurationPlatforms) = preSolution
		Debug|Any CPU = Debug|Any CPU
		Release|Any CPU = Release|Any CPU
	EndGlobalSection
	GlobalSection(ProjectConfigurationPlatforms) = postSolution
		{AF5BAB1B-7406-4899-BEB1-B6A554F42F2D}.Debug|Any CPU.ActiveCfg = Debug|Any CPU
		{AF5BAB1B-7406-4899-BEB1-B6A554F42F2D}.Debug|Any CPU.Build.0 = Debug|Any CPU
		{AF5BAB1B-7406-4899-BEB1-B6A554F42F2D}.Release|Any CPU.ActiveCfg = Release|Any CPU
		{AF5BAB1B-7406-4899-BEB1-B6A554F42F2D}.Release|Any CPU.Build.0 = Release|Any CPU
		{B7EEAC87-3019-4949-95A8-D02DDFF96DF6}.Debug|Any CPU.ActiveCfg = Debug|Any CPU
		{B7EEAC87-3019-4949-95A8-D02DDFF96DF6}.Debug|Any CPU.Build.0 = Debug|Any CPU
		{B7EEAC87-3019-4949-95A8-D02DDFF96DF6}.Release|Any CPU.ActiveCfg = Release|Any CPU
		{B7EEAC87-3019-4949-95A8-D02DDFF96DF6}.Release|Any CPU.Build.0 = Release|Any CPU
		{0B042411-D68F-459F-A07A-580848651C0A}.Debug|Any CPU.ActiveCfg = Debug|Any CPU
		{0B042411-D68F-459F-A07A-580848651C0A}.Debug|Any CPU.Build.0 = Debug|Any CPU
		{0B042411-D68F-459F-A07A-580848651C0A}.Release|Any CPU.ActiveCfg = Release|Any CPU
		{0B042411-D68F-459F-A07A-580848651C0A}.Release|Any CPU.Build.0 = Release|Any CPU
		{FA4D7390-378E-42D6-8C0F-52FE98E2B427}.Debug|Any CPU.ActiveCfg = Debug|Any CPU
		{FA4D7390-378E-42D6-8C0F-52FE98E2B427}.Debug|Any CPU.Build.0 = Debug|Any CPU
		{FA4D7390-378E-42D6-8C0F-52FE98E2B427}.Release|Any CPU.ActiveCfg = Release|Any CPU
		{FA4D7390-378E-42D6-8C0F-52FE98E2B427}.Release|Any CPU.Build.0 = Release|Any CPU
	EndGlobalSection
	GlobalSection(SolutionProperties) = preSolution
		HideSolutionNode = FALSE
	EndGlobalSection
EndGlobal
